
Microsoft Visual Studio Solution File, Format Version 12.00
# Visual Studio Version 17
VisualStudioVersion = 17.3.32929.385
MinimumVisualStudioVersion = 10.0.40219.1
Project("{FAE04EC0-301F-11D3-BF4B-00C04F79EFBC}") = "ClientSideTcpClient", "ClientSideTcpClient\ClientSideTcpClient.csproj", "{D6578AEA-8A56-4A26-9563-FAA9AF6C92DD}"
EndProject
Global
	GlobalSection(SolutionConfigurationPlatforms) = preSolution
		Debug|Any CPU = Debug|Any CPU
		Release|Any CPU = Release|Any CPU
	EndGlobalSection
	GlobalSection(ProjectConfigurationPlatforms) = postSolution
		{D6578AEA-8A56-4A26-9563-FAA9AF6C92DD}.Debug|Any CPU.ActiveCfg = Debug|Any CPU
		{D6578AEA-8A56-4A26-9563-FAA9AF6C92DD}.Debug|Any CPU.Build.0 = Debug|Any CPU
		{D6578AEA-8A56-4A26-9563-FAA9AF6C92DD}.Release|Any CPU.ActiveCfg = Release|Any CPU
		{D6578AEA-8A56-4A26-9563-FAA9AF6C92DD}.Release|Any CPU.Build.0 = Release|Any CPU
	EndGlobalSection
	GlobalSection(SolutionProperties) = preSolution
		HideSolutionNode = FALSE
	EndGlobalSection
	GlobalSection(ExtensibilityGlobals) = postSolution
		SolutionGuid = {E2E5EAF0-0135-4F31-9C77-38E36E188D4C}
	EndGlobalSection
EndGlobal
